
Microsoft Visual Studio Solution File, Format Version 12.00
# Visual Studio Version 17
VisualStudioVersion = 17.12.35521.163
MinimumVisualStudioVersion = 10.0.40219.1
Project("{2150E333-8FDC-42A3-9474-1A3956D46DE8}") = "Core", "Core", "{637B2111-B0A9-47E5-9ABC-605D7090769A}"
EndProject
Project("{FAE04EC0-301F-11D3-BF4B-00C04F79EFBC}") = "SmartHome.Domain", "SmartHome.Domain\SmartHome.Domain.csproj", "{7E17A17D-E313-4967-8F78-4B21350F7626}"
EndProject
Project("{FAE04EC0-301F-11D3-BF4B-00C04F79EFBC}") = "SmartHome.Application", "SmartHome.Application\SmartHome.Application.csproj", "{72DEB89E-90D2-49DB-8604-1FC66403DF0D}"
EndProject
Project("{2150E333-8FDC-42A3-9474-1A3956D46DE8}") = "Persistance", "Persistance", "{7F0E6F5A-E244-40B7-B437-909EEFF00BA4}"
EndProject
Project("{FAE04EC0-301F-11D3-BF4B-00C04F79EFBC}") = "SmartHome.Infrastructure", "SmartHome.Infrastructure\SmartHome.Infrastructure.csproj", "{92CB2505-ABE8-43BB-B82D-A68F0F44023D}"
EndProject
Project("{2150E333-8FDC-42A3-9474-1A3956D46DE8}") = "Presentation", "Presentation", "{F99B5A16-4C8F-4CFB-90DD-12AB25E62261}"
EndProject
Project("{FAE04EC0-301F-11D3-BF4B-00C04F79EFBC}") = "SmartHome.API", "SmartHome.API\SmartHome.API.csproj", "{10183F89-A182-4E16-9FCF-114D405E5034}"
EndProject
Project("{FAE04EC0-301F-11D3-BF4B-00C04F79EFBC}") = "SmartHome.Web", "SmartHome.Web\SmartHome.Web.csproj", "{4BC2D77D-B834-4697-AD01-A18B2D49E546}"
EndProject
Project("{FAE04EC0-301F-11D3-BF4B-00C04F79EFBC}") = "SmartHome.App", "SmartHome.App\SmartHome.App.csproj", "{BECB83C4-18DB-49E6-98D4-80A45B87F5AA}"
EndProject
Project("{FAE04EC0-301F-11D3-BF4B-00C04F79EFBC}") = "SmartHome.Shared", "SmartHome.Shared\SmartHome.Shared.csproj", "{E0A4ACD0-94C0-462E-8636-430452AB0315}"
EndProject
Project("{FAE04EC0-301F-11D3-BF4B-00C04F79EFBC}") = "SmartHome.Dto", "SmartHome.Dto\SmartHome.Dto.csproj", "{3A330FB6-4583-4D46-A234-D798405A3D19}"
EndProject
Project("{FAE04EC0-301F-11D3-BF4B-00C04F79EFBC}") = "SmartHome.Enum", "SmartHome.Enum\SmartHome.Enum.csproj", "{BE24DFF0-6DDA-44B6-AE2A-56AF27D06EF9}"
EndProject
Global
	GlobalSection(SolutionConfigurationPlatforms) = preSolution
		Debug|Any CPU = Debug|Any CPU
		Release|Any CPU = Release|Any CPU
	EndGlobalSection
	GlobalSection(ProjectConfigurationPlatforms) = postSolution
		{7E17A17D-E313-4967-8F78-4B21350F7626}.Debug|Any CPU.ActiveCfg = Debug|Any CPU
		{7E17A17D-E313-4967-8F78-4B21350F7626}.Debug|Any CPU.Build.0 = Debug|Any CPU
		{7E17A17D-E313-4967-8F78-4B21350F7626}.Release|Any CPU.ActiveCfg = Release|Any CPU
		{7E17A17D-E313-4967-8F78-4B21350F7626}.Release|Any CPU.Build.0 = Release|Any CPU
		{72DEB89E-90D2-49DB-8604-1FC66403DF0D}.Debug|Any CPU.ActiveCfg = Debug|Any CPU
		{72DEB89E-90D2-49DB-8604-1FC66403DF0D}.Debug|Any CPU.Build.0 = Debug|Any CPU
		{72DEB89E-90D2-49DB-8604-1FC66403DF0D}.Release|Any CPU.ActiveCfg = Release|Any CPU
		{72DEB89E-90D2-49DB-8604-1FC66403DF0D}.Release|Any CPU.Build.0 = Release|Any CPU
		{92CB2505-ABE8-43BB-B82D-A68F0F44023D}.Debug|Any CPU.ActiveCfg = Debug|Any CPU
		{92CB2505-ABE8-43BB-B82D-A68F0F44023D}.Debug|Any CPU.Build.0 = Debug|Any CPU
		{92CB2505-ABE8-43BB-B82D-A68F0F44023D}.Release|Any CPU.ActiveCfg = Release|Any CPU
		{92CB2505-ABE8-43BB-B82D-A68F0F44023D}.Release|Any CPU.Build.0 = Release|Any CPU
		{10183F89-A182-4E16-9FCF-114D405E5034}.Debug|Any CPU.ActiveCfg = Debug|Any CPU
		{10183F89-A182-4E16-9FCF-114D405E5034}.Debug|Any CPU.Build.0 = Debug|Any CPU
		{10183F89-A182-4E16-9FCF-114D405E5034}.Release|Any CPU.ActiveCfg = Release|Any CPU
		{10183F89-A182-4E16-9FCF-114D405E5034}.Release|Any CPU.Build.0 = Release|Any CPU
		{4BC2D77D-B834-4697-AD01-A18B2D49E546}.Debug|Any CPU.ActiveCfg = Debug|Any CPU
		{4BC2D77D-B834-4697-AD01-A18B2D49E546}.Debug|Any CPU.Build.0 = Debug|Any CPU
		{4BC2D77D-B834-4697-AD01-A18B2D49E546}.Release|Any CPU.ActiveCfg = Release|Any CPU
		{4BC2D77D-B834-4697-AD01-A18B2D49E546}.Release|Any CPU.Build.0 = Release|Any CPU
		{BECB83C4-18DB-49E6-98D4-80A45B87F5AA}.Debug|Any CPU.ActiveCfg = Debug|Any CPU
		{BECB83C4-18DB-49E6-98D4-80A45B87F5AA}.Debug|Any CPU.Build.0 = Debug|Any CPU
		{BECB83C4-18DB-49E6-98D4-80A45B87F5AA}.Debug|Any CPU.Deploy.0 = Debug|Any CPU
		{BECB83C4-18DB-49E6-98D4-80A45B87F5AA}.Release|Any CPU.ActiveCfg = Release|Any CPU
		{BECB83C4-18DB-49E6-98D4-80A45B87F5AA}.Release|Any CPU.Build.0 = Release|Any CPU
		{BECB83C4-18DB-49E6-98D4-80A45B87F5AA}.Release|Any CPU.Deploy.0 = Release|Any CPU
		{E0A4ACD0-94C0-462E-8636-430452AB0315}.Debug|Any CPU.ActiveCfg = Debug|Any CPU
		{E0A4ACD0-94C0-462E-8636-430452AB0315}.Debug|Any CPU.Build.0 = Debug|Any CPU
		{E0A4ACD0-94C0-462E-8636-430452AB0315}.Release|Any CPU.ActiveCfg = Release|Any CPU
		{E0A4ACD0-94C0-462E-8636-430452AB0315}.Release|Any CPU.Build.0 = Release|Any CPU
		{3A330FB6-4583-4D46-A234-D798405A3D19}.Debug|Any CPU.ActiveCfg = Debug|Any CPU
		{3A330FB6-4583-4D46-A234-D798405A3D19}.Debug|Any CPU.Build.0 = Debug|Any CPU
		{3A330FB6-4583-4D46-A234-D798405A3D19}.Release|Any CPU.ActiveCfg = Release|Any CPU
		{3A330FB6-4583-4D46-A234-D798405A3D19}.Release|Any CPU.Build.0 = Release|Any CPU
		{BE24DFF0-6DDA-44B6-AE2A-56AF27D06EF9}.Debug|Any CPU.ActiveCfg = Debug|Any CPU
		{BE24DFF0-6DDA-44B6-AE2A-56AF27D06EF9}.Debug|Any CPU.Build.0 = Debug|Any CPU
		{BE24DFF0-6DDA-44B6-AE2A-56AF27D06EF9}.Release|Any CPU.ActiveCfg = Release|Any CPU
		{BE24DFF0-6DDA-44B6-AE2A-56AF27D06EF9}.Release|Any CPU.Build.0 = Release|Any CPU
	EndGlobalSection
	GlobalSection(SolutionProperties) = preSolution
		HideSolutionNode = FALSE
	EndGlobalSection
	GlobalSection(NestedProjects) = preSolution
		{7E17A17D-E313-4967-8F78-4B21350F7626} = {637B2111-B0A9-47E5-9ABC-605D7090769A}
		{72DEB89E-90D2-49DB-8604-1FC66403DF0D} = {637B2111-B0A9-47E5-9ABC-605D7090769A}
		{92CB2505-ABE8-43BB-B82D-A68F0F44023D} = {7F0E6F5A-E244-40B7-B437-909EEFF00BA4}
		{10183F89-A182-4E16-9FCF-114D405E5034} = {F99B5A16-4C8F-4CFB-90DD-12AB25E62261}
		{4BC2D77D-B834-4697-AD01-A18B2D49E546} = {F99B5A16-4C8F-4CFB-90DD-12AB25E62261}
		{BECB83C4-18DB-49E6-98D4-80A45B87F5AA} = {F99B5A16-4C8F-4CFB-90DD-12AB25E62261}
		{E0A4ACD0-94C0-462E-8636-430452AB0315} = {F99B5A16-4C8F-4CFB-90DD-12AB25E62261}
		{3A330FB6-4583-4D46-A234-D798405A3D19} = {637B2111-B0A9-47E5-9ABC-605D7090769A}
		{BE24DFF0-6DDA-44B6-AE2A-56AF27D06EF9} = {637B2111-B0A9-47E5-9ABC-605D7090769A}
	EndGlobalSection
EndGlobal
